
Microsoft Visual Studio Solution File, Format Version 12.00
# Visual Studio Version 17
VisualStudioVersion = 17.14.37314.3 d17.14
MinimumVisualStudioVersion = 10.0.40219.1
Project("{FAE04EC0-301F-11D3-BF4B-00C04F79EFBC}") = "GeneratingRandomData", "GeneratingRandomData\GeneratingRandomData.csproj", "{441F60A1-81AC-4EAD-BDAD-2197BFF35563}"
EndProject
Global
	GlobalSection(SolutionConfigurationPlatforms) = preSolution
		Debug|Any CPU = Debug|Any CPU
		Release|Any CPU = Release|Any CPU
	EndGlobalSection
	GlobalSection(ProjectConfigurationPlatforms) = postSolution
		{441F60A1-81AC-4EAD-BDAD-2197BFF35563}.Debug|Any CPU.ActiveCfg = Debug|Any CPU
		{441F60A1-81AC-4EAD-BDAD-2197BFF35563}.Debug|Any CPU.Build.0 = Debug|Any CPU
		{441F60A1-81AC-4EAD-BDAD-2197BFF35563}.Release|Any CPU.ActiveCfg = Release|Any CPU
		{441F60A1-81AC-4EAD-BDAD-2197BFF35563}.Release|Any CPU.Build.0 = Release|Any CPU
	EndGlobalSection
	GlobalSection(SolutionProperties) = preSolution
		HideSolutionNode = FALSE
	EndGlobalSection
	GlobalSection(ExtensibilityGlobals) = postSolution
		SolutionGuid = {07B01720-D27F-47F2-9222-CCC0A4B8DE4E}
	EndGlobalSection
EndGlobal
